
Microsoft Visual Studio Solution File, Format Version 12.00
# Visual Studio Version 17
VisualStudioVersion = 17.1.32210.238
MinimumVisualStudioVersion = 10.0.40219.1
Project("{FAE04EC0-301F-11D3-BF4B-00C04F79EFBC}") = "uppgift 4.23", "uppgift 4.23\uppgift 4.23.csproj", "{243FAB7B-8D25-4F5A-B6D0-AC8D5391A65C}"
EndProject
Global
	GlobalSection(SolutionConfigurationPlatforms) = preSolution
		Debug|Any CPU = Debug|Any CPU
		Release|Any CPU = Release|Any CPU
	EndGlobalSection
	GlobalSection(ProjectConfigurationPlatforms) = postSolution
		{243FAB7B-8D25-4F5A-B6D0-AC8D5391A65C}.Debug|Any CPU.ActiveCfg = Debug|Any CPU
		{243FAB7B-8D25-4F5A-B6D0-AC8D5391A65C}.Debug|Any CPU.Build.0 = Debug|Any CPU
		{243FAB7B-8D25-4F5A-B6D0-AC8D5391A65C}.Release|Any CPU.ActiveCfg = Release|Any CPU
		{243FAB7B-8D25-4F5A-B6D0-AC8D5391A65C}.Release|Any CPU.Build.0 = Release|Any CPU
	EndGlobalSection
	GlobalSection(SolutionProperties) = preSolution
		HideSolutionNode = FALSE
	EndGlobalSection
	GlobalSection(ExtensibilityGlobals) = postSolution
		SolutionGuid = {413D4880-9E36-4014-9A3C-1B6A5C0E2522}
	EndGlobalSection
EndGlobal
